
Microsoft Visual Studio Solution File, Format Version 12.00
# Visual Studio Version 17
VisualStudioVersion = 17.2.32602.215
MinimumVisualStudioVersion = 10.0.40219.1
Project("{FAE04EC0-301F-11D3-BF4B-00C04F79EFBC}") = "CrudBQ", "CrudBQ\CrudBQ.csproj", "{139D6D2B-5B0D-436C-A8B6-40BAC2C60D94}"
EndProject
Global
	GlobalSection(SolutionConfigurationPlatforms) = preSolution
		Debug|Any CPU = Debug|Any CPU
		Release|Any CPU = Release|Any CPU
	EndGlobalSection
	GlobalSection(ProjectConfigurationPlatforms) = postSolution
		{139D6D2B-5B0D-436C-A8B6-40BAC2C60D94}.Debug|Any CPU.ActiveCfg = Debug|Any CPU
		{139D6D2B-5B0D-436C-A8B6-40BAC2C60D94}.Debug|Any CPU.Build.0 = Debug|Any CPU
		{139D6D2B-5B0D-436C-A8B6-40BAC2C60D94}.Release|Any CPU.ActiveCfg = Release|Any CPU
		{139D6D2B-5B0D-436C-A8B6-40BAC2C60D94}.Release|Any CPU.Build.0 = Release|Any CPU
	EndGlobalSection
	GlobalSection(SolutionProperties) = preSolution
		HideSolutionNode = FALSE
	EndGlobalSection
	GlobalSection(ExtensibilityGlobals) = postSolution
		SolutionGuid = {1E93FE6D-4B33-4761-AD48-007EFAA5A952}
	EndGlobalSection
EndGlobal
